// !$*UTF8*$!
{
	archiveVersion = 1;
	classes = {
	};
	objectVersion = 55;
	objects = {

/* Begin PBXBuildFile section */
		939F5CE4282A908D00E1AA95 /* AppDelegate.swift in Sources */ = {isa = PBXBuildFile; fileRef = 939F5CE3282A908D00E1AA95 /* AppDelegate.swift */; };
		939F5CE8282A908D00E1AA95 /* ViewController.swift in Sources */ = {isa = PBXBuildFile; fileRef = 939F5CE7282A908D00E1AA95 /* ViewController.swift */; };
		939F5CEB282A908D00E1AA95 /* Main.storyboard in Resources */ = {isa = PBXBuildFile; fileRef = 939F5CE9282A908D00E1AA95 /* Main.storyboard */; };
		939F5CED282A908F00E1AA95 /* Assets.xcassets in Resources */ = {isa = PBXBuildFile; fileRef = 939F5CEC282A908F00E1AA95 /* Assets.xcassets */; };
		939F5CF0282A908F00E1AA95 /* LaunchScreen.storyboard in Resources */ = {isa = PBXBuildFile; fileRef = 939F5CEE282A908F00E1AA95 /* LaunchScreen.storyboard */; };
		939F5CF9282A93EB00E1AA95 /* APDU.swift in Sources */ = {isa = PBXBuildFile; fileRef = 939F5CF8282A93EB00E1AA95 /* APDU.swift */; };
		939F5D00282AA4B200E1AA95 /* DeviceFoundTableViewCell.swift in Sources */ = {isa = PBXBuildFile; fileRef = 939F5CFF282AA4B200E1AA95 /* DeviceFoundTableViewCell.swift */; };
		939F5D02282AB44B00E1AA95 /* ConnectedViewController.swift in Sources */ = {isa = PBXBuildFile; fileRef = 939F5D01282AB44B00E1AA95 /* ConnectedViewController.swift */; };
		939F5D04282BEE4F00E1AA95 /* BleTransport.swift in Sources */ = {isa = PBXBuildFile; fileRef = 939F5D03282BEE4F00E1AA95 /* BleTransport.swift */; };
		939F5D06282D41D500E1AA95 /* AppInstaller.swift in Sources */ = {isa = PBXBuildFile; fileRef = 939F5D05282D41D500E1AA95 /* AppInstaller.swift */; };
		939F5D08282D42E800E1AA95 /* BleTransportProtocol.swift in Sources */ = {isa = PBXBuildFile; fileRef = 939F5D07282D42E800E1AA95 /* BleTransportProtocol.swift */; };
		B560CAC811F30065AA85CA86 /* Pods_Ledger_Bluetooth.framework in Frameworks */ = {isa = PBXBuildFile; fileRef = C7EE70A76A97E3A8509C4265 /* Pods_Ledger_Bluetooth.framework */; };
/* End PBXBuildFile section */

/* Begin PBXFileReference section */
		659F69F149BE3D9FEEDE609F /* Pods-Ledger Bluetooth.debug.xcconfig */ = {isa = PBXFileReference; includeInIndex = 1; lastKnownFileType = text.xcconfig; name = "Pods-Ledger Bluetooth.debug.xcconfig"; path = "Target Support Files/Pods-Ledger Bluetooth/Pods-Ledger Bluetooth.debug.xcconfig"; sourceTree = "<group>"; };
		939F5CE0282A908D00E1AA95 /* Ledger Bluetooth.app */ = {isa = PBXFileReference; explicitFileType = wrapper.application; includeInIndex = 0; path = "Ledger Bluetooth.app"; sourceTree = BUILT_PRODUCTS_DIR; };
		939F5CE3282A908D00E1AA95 /* AppDelegate.swift */ = {isa = PBXFileReference; lastKnownFileType = sourcecode.swift; path = AppDelegate.swift; sourceTree = "<group>"; };
		939F5CE7282A908D00E1AA95 /* ViewController.swift */ = {isa = PBXFileReference; lastKnownFileType = sourcecode.swift; path = ViewController.swift; sourceTree = "<group>"; };
		939F5CEA282A908D00E1AA95 /* Base */ = {isa = PBXFileReference; lastKnownFileType = file.storyboard; name = Base; path = Base.lproj/Main.storyboard; sourceTree = "<group>"; };
		939F5CEC282A908F00E1AA95 /* Assets.xcassets */ = {isa = PBXFileReference; lastKnownFileType = folder.assetcatalog; path = Assets.xcassets; sourceTree = "<group>"; };
		939F5CEF282A908F00E1AA95 /* Base */ = {isa = PBXFileReference; lastKnownFileType = file.storyboard; name = Base; path = Base.lproj/LaunchScreen.storyboard; sourceTree = "<group>"; };
		939F5CF1282A908F00E1AA95 /* Info.plist */ = {isa = PBXFileReference; lastKnownFileType = text.plist.xml; path = Info.plist; sourceTree = "<group>"; };
		939F5CF8282A93EB00E1AA95 /* APDU.swift */ = {isa = PBXFileReference; lastKnownFileType = sourcecode.swift; path = APDU.swift; sourceTree = "<group>"; };
		939F5CFF282AA4B200E1AA95 /* DeviceFoundTableViewCell.swift */ = {isa = PBXFileReference; lastKnownFileType = sourcecode.swift; path = DeviceFoundTableViewCell.swift; sourceTree = "<group>"; };
		939F5D01282AB44B00E1AA95 /* ConnectedViewController.swift */ = {isa = PBXFileReference; lastKnownFileType = sourcecode.swift; path = ConnectedViewController.swift; sourceTree = "<group>"; };
		939F5D03282BEE4F00E1AA95 /* BleTransport.swift */ = {isa = PBXFileReference; lastKnownFileType = sourcecode.swift; path = BleTransport.swift; sourceTree = "<group>"; };
		939F5D05282D41D500E1AA95 /* AppInstaller.swift */ = {isa = PBXFileReference; lastKnownFileType = sourcecode.swift; path = AppInstaller.swift; sourceTree = "<group>"; };
		939F5D07282D42E800E1AA95 /* BleTransportProtocol.swift */ = {isa = PBXFileReference; lastKnownFileType = sourcecode.swift; path = BleTransportProtocol.swift; sourceTree = "<group>"; };
		C7EE70A76A97E3A8509C4265 /* Pods_Ledger_Bluetooth.framework */ = {isa = PBXFileReference; explicitFileType = wrapper.framework; includeInIndex = 0; path = Pods_Ledger_Bluetooth.framework; sourceTree = BUILT_PRODUCTS_DIR; };
		DD0087905241C7A11FB7C870 /* Pods-Ledger Bluetooth.release.xcconfig */ = {isa = PBXFileReference; includeInIndex = 1; lastKnownFileType = text.xcconfig; name = "Pods-Ledger Bluetooth.release.xcconfig"; path = "Target Support Files/Pods-Ledger Bluetooth/Pods-Ledger Bluetooth.release.xcconfig"; sourceTree = "<group>"; };
/* End PBXFileReference section */

/* Begin PBXFrameworksBuildPhase section */
		939F5CDD282A908D00E1AA95 /* Frameworks */ = {
			isa = PBXFrameworksBuildPhase;
			buildActionMask = 2147483647;
			files = (
				B560CAC811F30065AA85CA86 /* Pods_Ledger_Bluetooth.framework in Frameworks */,
			);
			runOnlyForDeploymentPostprocessing = 0;
		};
/* End PBXFrameworksBuildPhase section */

/* Begin PBXGroup section */
		931C8CB858BA30BD282FCBFE /* Frameworks */ = {
			isa = PBXGroup;
			children = (
				C7EE70A76A97E3A8509C4265 /* Pods_Ledger_Bluetooth.framework */,
			);
			name = Frameworks;
			sourceTree = "<group>";
		};
		939F5CD7282A908D00E1AA95 = {
			isa = PBXGroup;
			children = (
				939F5CE2282A908D00E1AA95 /* Ledger Bluetooth */,
				939F5CE1282A908D00E1AA95 /* Products */,
				E292DD9206F43BC6F3C810C9 /* Pods */,
				931C8CB858BA30BD282FCBFE /* Frameworks */,
			);
			sourceTree = "<group>";
		};
		939F5CE1282A908D00E1AA95 /* Products */ = {
			isa = PBXGroup;
			children = (
				939F5CE0282A908D00E1AA95 /* Ledger Bluetooth.app */,
			);
			name = Products;
			sourceTree = "<group>";
		};
		939F5CE2282A908D00E1AA95 /* Ledger Bluetooth */ = {
			isa = PBXGroup;
			children = (
				939F5CE3282A908D00E1AA95 /* AppDelegate.swift */,
				939F5CE7282A908D00E1AA95 /* ViewController.swift */,
				939F5D01282AB44B00E1AA95 /* ConnectedViewController.swift */,
				939F5D05282D41D500E1AA95 /* AppInstaller.swift */,
				939F5CFE282AA48F00E1AA95 /* Cells */,
				939F5CF7282A911B00E1AA95 /* Bluetooth */,
				939F5CE9282A908D00E1AA95 /* Main.storyboard */,
				939F5CEC282A908F00E1AA95 /* Assets.xcassets */,
				939F5CEE282A908F00E1AA95 /* LaunchScreen.storyboard */,
				939F5CF1282A908F00E1AA95 /* Info.plist */,
			);
			path = "Ledger Bluetooth";
			sourceTree = "<group>";
		};
		939F5CF7282A911B00E1AA95 /* Bluetooth */ = {
			isa = PBXGroup;
			children = (
				939F5CF8282A93EB00E1AA95 /* APDU.swift */,
				939F5D03282BEE4F00E1AA95 /* BleTransport.swift */,
				939F5D07282D42E800E1AA95 /* BleTransportProtocol.swift */,
			);
			path = Bluetooth;
			sourceTree = "<group>";
		};
		939F5CFE282AA48F00E1AA95 /* Cells */ = {
			isa = PBXGroup;
			children = (
				939F5CFF282AA4B200E1AA95 /* DeviceFoundTableViewCell.swift */,
			);
			path = Cells;
			sourceTree = "<group>";
		};
		E292DD9206F43BC6F3C810C9 /* Pods */ = {
			isa = PBXGroup;
			children = (
				659F69F149BE3D9FEEDE609F /* Pods-Ledger Bluetooth.debug.xcconfig */,
				DD0087905241C7A11FB7C870 /* Pods-Ledger Bluetooth.release.xcconfig */,
			);
			path = Pods;
			sourceTree = "<group>";
		};
/* End PBXGroup section */

/* Begin PBXNativeTarget section */
		939F5CDF282A908D00E1AA95 /* Ledger Bluetooth */ = {
			isa = PBXNativeTarget;
			buildConfigurationList = 939F5CF4282A908F00E1AA95 /* Build configuration list for PBXNativeTarget "Ledger Bluetooth" */;
			buildPhases = (
				1F0DC3879AF93FE15BE09149 /* [CP] Check Pods Manifest.lock */,
				939F5CDC282A908D00E1AA95 /* Sources */,
				939F5CDD282A908D00E1AA95 /* Frameworks */,
				939F5CDE282A908D00E1AA95 /* Resources */,
				34A9A90D7CD13B1291D4443E /* [CP] Embed Pods Frameworks */,
			);
			buildRules = (
			);
			dependencies = (
			);
			name = "Ledger Bluetooth";
			productName = "Ledger Bluetooth";
			productReference = 939F5CE0282A908D00E1AA95 /* Ledger Bluetooth.app */;
			productType = "com.apple.product-type.application";
		};
/* End PBXNativeTarget section */

/* Begin PBXProject section */
		939F5CD8282A908D00E1AA95 /* Project object */ = {
			isa = PBXProject;
			attributes = {
				BuildIndependentTargetsInParallel = 1;
				LastSwiftUpdateCheck = 1330;
				LastUpgradeCheck = 1330;
				TargetAttributes = {
					939F5CDF282A908D00E1AA95 = {
						CreatedOnToolsVersion = 13.3.1;
					};
				};
			};
			buildConfigurationList = 939F5CDB282A908D00E1AA95 /* Build configuration list for PBXProject "Ledger Bluetooth" */;
			compatibilityVersion = "Xcode 13.0";
			developmentRegion = en;
			hasScannedForEncodings = 0;
			knownRegions = (
				en,
				Base,
			);
			mainGroup = 939F5CD7282A908D00E1AA95;
			productRefGroup = 939F5CE1282A908D00E1AA95 /* Products */;
			projectDirPath = "";
			projectRoot = "";
			targets = (
				939F5CDF282A908D00E1AA95 /* Ledger Bluetooth */,
			);
		};
/* End PBXProject section */

/* Begin PBXResourcesBuildPhase section */
		939F5CDE282A908D00E1AA95 /* Resources */ = {
			isa = PBXResourcesBuildPhase;
			buildActionMask = 2147483647;
			files = (
				939F5CF0282A908F00E1AA95 /* LaunchScreen.storyboard in Resources */,
				939F5CED282A908F00E1AA95 /* Assets.xcassets in Resources */,
				939F5CEB282A908D00E1AA95 /* Main.storyboard in Resources */,
			);
			runOnlyForDeploymentPostprocessing = 0;
		};
/* End PBXResourcesBuildPhase section */

/* Begin PBXShellScriptBuildPhase section */
		1F0DC3879AF93FE15BE09149 /* [CP] Check Pods Manifest.lock */ = {
			isa = PBXShellScriptBuildPhase;
			buildActionMask = 2147483647;
			files = (
			);
			inputFileListPaths = (
			);
			inputPaths = (
				"${PODS_PODFILE_DIR_PATH}/Podfile.lock",
				"${PODS_ROOT}/Manifest.lock",
			);
			name = "[CP] Check Pods Manifest.lock";
			outputFileListPaths = (
			);
			outputPaths = (
				"$(DERIVED_FILE_DIR)/Pods-Ledger Bluetooth-checkManifestLockResult.txt",
			);
			runOnlyForDeploymentPostprocessing = 0;
			shellPath = /bin/sh;
			shellScript = "diff \"${PODS_PODFILE_DIR_PATH}/Podfile.lock\" \"${PODS_ROOT}/Manifest.lock\" > /dev/null\nif [ $? != 0 ] ; then\n    # print error to STDERR\n    echo \"error: The sandbox is not in sync with the Podfile.lock. Run 'pod install' or update your CocoaPods installation.\" >&2\n    exit 1\nfi\n# This output is used by Xcode 'outputs' to avoid re-running this script phase.\necho \"SUCCESS\" > \"${SCRIPT_OUTPUT_FILE_0}\"\n";
			showEnvVarsInLog = 0;
		};
		34A9A90D7CD13B1291D4443E /* [CP] Embed Pods Frameworks */ = {
			isa = PBXShellScriptBuildPhase;
			buildActionMask = 2147483647;
			files = (
			);
			inputFileListPaths = (
				"${PODS_ROOT}/Target Support Files/Pods-Ledger Bluetooth/Pods-Ledger Bluetooth-frameworks-${CONFIGURATION}-input-files.xcfilelist",
			);
			name = "[CP] Embed Pods Frameworks";
			outputFileListPaths = (
				"${PODS_ROOT}/Target Support Files/Pods-Ledger Bluetooth/Pods-Ledger Bluetooth-frameworks-${CONFIGURATION}-output-files.xcfilelist",
			);
			runOnlyForDeploymentPostprocessing = 0;
			shellPath = /bin/sh;
			shellScript = "\"${PODS_ROOT}/Target Support Files/Pods-Ledger Bluetooth/Pods-Ledger Bluetooth-frameworks.sh\"\n";
			showEnvVarsInLog = 0;
		};
/* End PBXShellScriptBuildPhase section */

/* Begin PBXSourcesBuildPhase section */
		939F5CDC282A908D00E1AA95 /* Sources */ = {
			isa = PBXSourcesBuildPhase;
			buildActionMask = 2147483647;
			files = (
				939F5CE8282A908D00E1AA95 /* ViewController.swift in Sources */,
				939F5D04282BEE4F00E1AA95 /* BleTransport.swift in Sources */,
				939F5CE4282A908D00E1AA95 /* AppDelegate.swift in Sources */,
				939F5D02282AB44B00E1AA95 /* ConnectedViewController.swift in Sources */,
				939F5D06282D41D500E1AA95 /* AppInstaller.swift in Sources */,
				939F5D08282D42E800E1AA95 /* BleTransportProtocol.swift in Sources */,
				939F5CF9282A93EB00E1AA95 /* APDU.swift in Sources */,
				939F5D00282AA4B200E1AA95 /* DeviceFoundTableViewCell.swift in Sources */,
			);
			runOnlyForDeploymentPostprocessing = 0;
		};
/* End PBXSourcesBuildPhase section */

/* Begin PBXVariantGroup section */
		939F5CE9282A908D00E1AA95 /* Main.storyboard */ = {
			isa = PBXVariantGroup;
			children = (
				939F5CEA282A908D00E1AA95 /* Base */,
			);
			name = Main.storyboard;
			sourceTree = "<group>";
		};
		939F5CEE282A908F00E1AA95 /* LaunchScreen.storyboard */ = {
			isa = PBXVariantGroup;
			children = (
				939F5CEF282A908F00E1AA95 /* Base */,
			);
			name = LaunchScreen.storyboard;
			sourceTree = "<group>";
		};
/* End PBXVariantGroup section */

/* Begin XCBuildConfiguration section */
		939F5CF2282A908F00E1AA95 /* Debug */ = {
			isa = XCBuildConfiguration;
			buildSettings = {
				ALWAYS_SEARCH_USER_PATHS = NO;
				CLANG_ANALYZER_NONNULL = YES;
				CLANG_ANALYZER_NUMBER_OBJECT_CONVERSION = YES_AGGRESSIVE;
				CLANG_CXX_LANGUAGE_STANDARD = "gnu++17";
				CLANG_ENABLE_MODULES = YES;
				CLANG_ENABLE_OBJC_ARC = YES;
				CLANG_ENABLE_OBJC_WEAK = YES;
				CLANG_WARN_BLOCK_CAPTURE_AUTORELEASING = YES;
				CLANG_WARN_BOOL_CONVERSION = YES;
				CLANG_WARN_COMMA = YES;
				CLANG_WARN_CONSTANT_CONVERSION = YES;
				CLANG_WARN_DEPRECATED_OBJC_IMPLEMENTATIONS = YES;
				CLANG_WARN_DIRECT_OBJC_ISA_USAGE = YES_ERROR;
				CLANG_WARN_DOCUMENTATION_COMMENTS = YES;
				CLANG_WARN_EMPTY_BODY = YES;
				CLANG_WARN_ENUM_CONVERSION = YES;
				CLANG_WARN_INFINITE_RECURSION = YES;
				CLANG_WARN_INT_CONVERSION = YES;
				CLANG_WARN_NON_LITERAL_NULL_CONVERSION = YES;
				CLANG_WARN_OBJC_IMPLICIT_RETAIN_SELF = YES;
				CLANG_WARN_OBJC_LITERAL_CONVERSION = YES;
				CLANG_WARN_OBJC_ROOT_CLASS = YES_ERROR;
				CLANG_WARN_QUOTED_INCLUDE_IN_FRAMEWORK_HEADER = YES;
				CLANG_WARN_RANGE_LOOP_ANALYSIS = YES;
				CLANG_WARN_STRICT_PROTOTYPES = YES;
				CLANG_WARN_SUSPICIOUS_MOVE = YES;
				CLANG_WARN_UNGUARDED_AVAILABILITY = YES_AGGRESSIVE;
				CLANG_WARN_UNREACHABLE_CODE = YES;
				CLANG_WARN__DUPLICATE_METHOD_MATCH = YES;
				COPY_PHASE_STRIP = NO;
				DEBUG_INFORMATION_FORMAT = dwarf;
				ENABLE_STRICT_OBJC_MSGSEND = YES;
				ENABLE_TESTABILITY = YES;
				GCC_C_LANGUAGE_STANDARD = gnu11;
				GCC_DYNAMIC_NO_PIC = NO;
				GCC_NO_COMMON_BLOCKS = YES;
				GCC_OPTIMIZATION_LEVEL = 0;
				GCC_PREPROCESSOR_DEFINITIONS = (
					"DEBUG=1",
					"$(inherited)",
				);
				GCC_WARN_64_TO_32_BIT_CONVERSION = YES;
				GCC_WARN_ABOUT_RETURN_TYPE = YES_ERROR;
				GCC_WARN_UNDECLARED_SELECTOR = YES;
				GCC_WARN_UNINITIALIZED_AUTOS = YES_AGGRESSIVE;
				GCC_WARN_UNUSED_FUNCTION = YES;
				GCC_WARN_UNUSED_VARIABLE = YES;
				IPHONEOS_DEPLOYMENT_TARGET = 15.4;
				MTL_ENABLE_DEBUG_INFO = INCLUDE_SOURCE;
				MTL_FAST_MATH = YES;
				ONLY_ACTIVE_ARCH = YES;
				SDKROOT = iphoneos;
				SWIFT_ACTIVE_COMPILATION_CONDITIONS = DEBUG;
				SWIFT_OPTIMIZATION_LEVEL = "-Onone";
			};
			name = Debug;
		};
		939F5CF3282A908F00E1AA95 /* Release */ = {
			isa = XCBuildConfiguration;
			buildSettings = {
				ALWAYS_SEARCH_USER_PATHS = NO;
				CLANG_ANALYZER_NONNULL = YES;
				CLANG_ANALYZER_NUMBER_OBJECT_CONVERSION = YES_AGGRESSIVE;
				CLANG_CXX_LANGUAGE_STANDARD = "gnu++17";
				CLANG_ENABLE_MODULES = YES;
				CLANG_ENABLE_OBJC_ARC = YES;
				CLANG_ENABLE_OBJC_WEAK = YES;
				CLANG_WARN_BLOCK_CAPTURE_AUTORELEASING = YES;
				CLANG_WARN_BOOL_CONVERSION = YES;
				CLANG_WARN_COMMA = YES;
				CLANG_WARN_CONSTANT_CONVERSION = YES;
				CLANG_WARN_DEPRECATED_OBJC_IMPLEMENTATIONS = YES;
				CLANG_WARN_DIRECT_OBJC_ISA_USAGE = YES_ERROR;
				CLANG_WARN_DOCUMENTATION_COMMENTS = YES;
				CLANG_WARN_EMPTY_BODY = YES;
				CLANG_WARN_ENUM_CONVERSION = YES;
				CLANG_WARN_INFINITE_RECURSION = YES;
				CLANG_WARN_INT_CONVERSION = YES;
				CLANG_WARN_NON_LITERAL_NULL_CONVERSION = YES;
				CLANG_WARN_OBJC_IMPLICIT_RETAIN_SELF = YES;
				CLANG_WARN_OBJC_LITERAL_CONVERSION = YES;
				CLANG_WARN_OBJC_ROOT_CLASS = YES_ERROR;
				CLANG_WARN_QUOTED_INCLUDE_IN_FRAMEWORK_HEADER = YES;
				CLANG_WARN_RANGE_LOOP_ANALYSIS = YES;
				CLANG_WARN_STRICT_PROTOTYPES = YES;
				CLANG_WARN_SUSPICIOUS_MOVE = YES;
				CLANG_WARN_UNGUARDED_AVAILABILITY = YES_AGGRESSIVE;
				CLANG_WARN_UNREACHABLE_CODE = YES;
				CLANG_WARN__DUPLICATE_METHOD_MATCH = YES;
				COPY_PHASE_STRIP = NO;
				DEBUG_INFORMATION_FORMAT = "dwarf-with-dsym";
				ENABLE_NS_ASSERTIONS = NO;
				ENABLE_STRICT_OBJC_MSGSEND = YES;
				GCC_C_LANGUAGE_STANDARD = gnu11;
				GCC_NO_COMMON_BLOCKS = YES;
				GCC_WARN_64_TO_32_BIT_CONVERSION = YES;
				GCC_WARN_ABOUT_RETURN_TYPE = YES_ERROR;
				GCC_WARN_UNDECLARED_SELECTOR = YES;
				GCC_WARN_UNINITIALIZED_AUTOS = YES_AGGRESSIVE;
				GCC_WARN_UNUSED_FUNCTION = YES;
				GCC_WARN_UNUSED_VARIABLE = YES;
				IPHONEOS_DEPLOYMENT_TARGET = 15.4;
				MTL_ENABLE_DEBUG_INFO = NO;
				MTL_FAST_MATH = YES;
				SDKROOT = iphoneos;
				SWIFT_COMPILATION_MODE = wholemodule;
				SWIFT_OPTIMIZATION_LEVEL = "-O";
				VALIDATE_PRODUCT = YES;
			};
			name = Release;
		};
		939F5CF5282A908F00E1AA95 /* Debug */ = {
			isa = XCBuildConfiguration;
			baseConfigurationReference = 659F69F149BE3D9FEEDE609F /* Pods-Ledger Bluetooth.debug.xcconfig */;
			buildSettings = {
				ASSETCATALOG_COMPILER_APPICON_NAME = AppIcon;
				ASSETCATALOG_COMPILER_GLOBAL_ACCENT_COLOR_NAME = AccentColor;
				CODE_SIGN_STYLE = Automatic;
				CURRENT_PROJECT_VERSION = 1;
				DEVELOPMENT_TEAM = K82DRMV4FX;
				GENERATE_INFOPLIST_FILE = YES;
				INFOPLIST_FILE = "Ledger Bluetooth/Info.plist";
				INFOPLIST_KEY_NSBluetoothAlwaysUsageDescription = "We need bluetooth to connect to your Nano X";
				INFOPLIST_KEY_UIApplicationSupportsIndirectInputEvents = YES;
				INFOPLIST_KEY_UILaunchStoryboardName = LaunchScreen;
				INFOPLIST_KEY_UIMainStoryboardFile = Main;
				INFOPLIST_KEY_UISupportedInterfaceOrientations_iPad = "UIInterfaceOrientationPortrait UIInterfaceOrientationPortraitUpsideDown UIInterfaceOrientationLandscapeLeft UIInterfaceOrientationLandscapeRight";
				INFOPLIST_KEY_UISupportedInterfaceOrientations_iPhone = "UIInterfaceOrientationPortrait UIInterfaceOrientationLandscapeLeft UIInterfaceOrientationLandscapeRight";
				IPHONEOS_DEPLOYMENT_TARGET = 13.0;
				LD_RUNPATH_SEARCH_PATHS = (
					"$(inherited)",
					"@executable_path/Frameworks",
				);
				MARKETING_VERSION = 1.0;
				PRODUCT_BUNDLE_IDENTIFIER = "DantePuglisi.Ledger-Bluetooth";
				PRODUCT_NAME = "$(TARGET_NAME)";
				SWIFT_EMIT_LOC_STRINGS = YES;
				SWIFT_VERSION = 5.0;
				TARGETED_DEVICE_FAMILY = 1;
			};
			name = Debug;
		};
		939F5CF6282A908F00E1AA95 /* Release */ = {
			isa = XCBuildConfiguration;
			baseConfigurationReference = DD0087905241C7A11FB7C870 /* Pods-Ledger Bluetooth.release.xcconfig */;
			buildSettings = {
				ASSETCATALOG_COMPILER_APPICON_NAME = AppIcon;
				ASSETCATALOG_COMPILER_GLOBAL_ACCENT_COLOR_NAME = AccentColor;
				CODE_SIGN_STYLE = Automatic;
				CURRENT_PROJECT_VERSION = 1;
				DEVELOPMENT_TEAM = K82DRMV4FX;
				GENERATE_INFOPLIST_FILE = YES;
				INFOPLIST_FILE = "Ledger Bluetooth/Info.plist";
				INFOPLIST_KEY_NSBluetoothAlwaysUsageDescription = "We need bluetooth to connect to your Nano X";
				INFOPLIST_KEY_UIApplicationSupportsIndirectInputEvents = YES;
				INFOPLIST_KEY_UILaunchStoryboardName = LaunchScreen;
				INFOPLIST_KEY_UIMainStoryboardFile = Main;
				INFOPLIST_KEY_UISupportedInterfaceOrientations_iPad = "UIInterfaceOrientationPortrait UIInterfaceOrientationPortraitUpsideDown UIInterfaceOrientationLandscapeLeft UIInterfaceOrientationLandscapeRight";
				INFOPLIST_KEY_UISupportedInterfaceOrientations_iPhone = "UIInterfaceOrientationPortrait UIInterfaceOrientationLandscapeLeft UIInterfaceOrientationLandscapeRight";
				IPHONEOS_DEPLOYMENT_TARGET = 13.0;
				LD_RUNPATH_SEARCH_PATHS = (
					"$(inherited)",
					"@executable_path/Frameworks",
				);
				MARKETING_VERSION = 1.0;
				PRODUCT_BUNDLE_IDENTIFIER = "DantePuglisi.Ledger-Bluetooth";
				PRODUCT_NAME = "$(TARGET_NAME)";
				SWIFT_EMIT_LOC_STRINGS = YES;
				SWIFT_VERSION = 5.0;
				TARGETED_DEVICE_FAMILY = 1;
			};
			name = Release;
		};
/* End XCBuildConfiguration section */

/* Begin XCConfigurationList section */
		939F5CDB282A908D00E1AA95 /* Build configuration list for PBXProject "Ledger Bluetooth" */ = {
			isa = XCConfigurationList;
			buildConfigurations = (
				939F5CF2282A908F00E1AA95 /* Debug */,
				939F5CF3282A908F00E1AA95 /* Release */,
			);
			defaultConfigurationIsVisible = 0;
			defaultConfigurationName = Release;
		};
		939F5CF4282A908F00E1AA95 /* Build configuration list for PBXNativeTarget "Ledger Bluetooth" */ = {
			isa = XCConfigurationList;
			buildConfigurations = (
				939F5CF5282A908F00E1AA95 /* Debug */,
				939F5CF6282A908F00E1AA95 /* Release */,
			);
			defaultConfigurationIsVisible = 0;
			defaultConfigurationName = Release;
		};
/* End XCConfigurationList section */
	};
	rootObject = 939F5CD8282A908D00E1AA95 /* Project object */;
}
