{
  "pins" : [
    {
      "identity" : "bluejay",
      "kind" : "remoteSourceControl",
      "location" : "https://github.com/DantePuglisi/bluejay",
      "state" : {
        "branch" : "fail-when-wrong-characteristic-property",
        "revision" : "ceba79e911449d7ab29aa234d749962befbc9d16"
      }
    },
    {
      "identity" : "starscream",
      "kind" : "remoteSourceControl",
      "location" : "https://github.com/daltoniam/Starscream",
      "state" : {
        "revision" : "df8d82047f6654d8e4b655d1b1525c64e1059d21",
        "version" : "4.0.4"
      }
    }
  ],
  "version" : 2
}
